// !$*UTF8*$!
{
	archiveVersion = 1;
	classes = {
	};
	objectVersion = 50;
	objects = {

/* Begin PBXBuildFile section */
		3FCEF65125ED4C89004F123F /* Map_HackwichApp.swift in Sources */ = {isa = PBXBuildFile; fileRef = 3FCEF65025ED4C89004F123F /* Map_HackwichApp.swift */; };
		3FCEF65325ED4C89004F123F /* ContentView.swift in Sources */ = {isa = PBXBuildFile; fileRef = 3FCEF65225ED4C89004F123F /* ContentView.swift */; };
		3FCEF65525ED4C8F004F123F /* Assets.xcassets in Resources */ = {isa = PBXBuildFile; fileRef = 3FCEF65425ED4C8F004F123F /* Assets.xcassets */; };
		3FCEF65825ED4C8F004F123F /* Preview Assets.xcassets in Resources */ = {isa = PBXBuildFile; fileRef = 3FCEF65725ED4C8F004F123F /* Preview Assets.xcassets */; };
		3FCEF66325ED4C90004F123F /* Map_HackwichTests.swift in Sources */ = {isa = PBXBuildFile; fileRef = 3FCEF66225ED4C90004F123F /* Map_HackwichTests.swift */; };
		3FCEF66E25ED4C90004F123F /* Map_HackwichUITests.swift in Sources */ = {isa = PBXBuildFile; fileRef = 3FCEF66D25ED4C90004F123F /* Map_HackwichUITests.swift */; };
		3FCEF67F25ED5282004F123F /* LocationManager.swift in Sources */ = {isa = PBXBuildFile; fileRef = 3FCEF67E25ED5282004F123F /* LocationManager.swift */; };
/* End PBXBuildFile section */

/* Begin PBXContainerItemProxy section */
		3FCEF65F25ED4C90004F123F /* PBXContainerItemProxy */ = {
			isa = PBXContainerItemProxy;
			containerPortal = 3FCEF64525ED4C89004F123F /* Project object */;
			proxyType = 1;
			remoteGlobalIDString = 3FCEF64C25ED4C89004F123F;
			remoteInfo = "Map Hackwich";
		};
		3FCEF66A25ED4C90004F123F /* PBXContainerItemProxy */ = {
			isa = PBXContainerItemProxy;
			containerPortal = 3FCEF64525ED4C89004F123F /* Project object */;
			proxyType = 1;
			remoteGlobalIDString = 3FCEF64C25ED4C89004F123F;
			remoteInfo = "Map Hackwich";
		};
/* End PBXContainerItemProxy section */

/* Begin PBXFileReference section */
		3FCEF64D25ED4C89004F123F /* Map Hackwich.app */ = {isa = PBXFileReference; explicitFileType = wrapper.application; includeInIndex = 0; path = "Map Hackwich.app"; sourceTree = BUILT_PRODUCTS_DIR; };
		3FCEF65025ED4C89004F123F /* Map_HackwichApp.swift */ = {isa = PBXFileReference; lastKnownFileType = sourcecode.swift; path = Map_HackwichApp.swift; sourceTree = "<group>"; };
		3FCEF65225ED4C89004F123F /* ContentView.swift */ = {isa = PBXFileReference; lastKnownFileType = sourcecode.swift; path = ContentView.swift; sourceTree = "<group>"; };
		3FCEF65425ED4C8F004F123F /* Assets.xcassets */ = {isa = PBXFileReference; lastKnownFileType = folder.assetcatalog; path = Assets.xcassets; sourceTree = "<group>"; };
		3FCEF65725ED4C8F004F123F /* Preview Assets.xcassets */ = {isa = PBXFileReference; lastKnownFileType = folder.assetcatalog; path = "Preview Assets.xcassets"; sourceTree = "<group>"; };
		3FCEF65925ED4C8F004F123F /* Info.plist */ = {isa = PBXFileReference; lastKnownFileType = text.plist.xml; path = Info.plist; sourceTree = "<group>"; };
		3FCEF65E25ED4C90004F123F /* Map HackwichTests.xctest */ = {isa = PBXFileReference; explicitFileType = wrapper.cfbundle; includeInIndex = 0; path = "Map HackwichTests.xctest"; sourceTree = BUILT_PRODUCTS_DIR; };
		3FCEF66225ED4C90004F123F /* Map_HackwichTests.swift */ = {isa = PBXFileReference; lastKnownFileType = sourcecode.swift; path = Map_HackwichTests.swift; sourceTree = "<group>"; };
		3FCEF66425ED4C90004F123F /* Info.plist */ = {isa = PBXFileReference; lastKnownFileType = text.plist.xml; path = Info.plist; sourceTree = "<group>"; };
		3FCEF66925ED4C90004F123F /* Map HackwichUITests.xctest */ = {isa = PBXFileReference; explicitFileType = wrapper.cfbundle; includeInIndex = 0; path = "Map HackwichUITests.xctest"; sourceTree = BUILT_PRODUCTS_DIR; };
		3FCEF66D25ED4C90004F123F /* Map_HackwichUITests.swift */ = {isa = PBXFileReference; lastKnownFileType = sourcecode.swift; path = Map_HackwichUITests.swift; sourceTree = "<group>"; };
		3FCEF66F25ED4C90004F123F /* Info.plist */ = {isa = PBXFileReference; lastKnownFileType = text.plist.xml; path = Info.plist; sourceTree = "<group>"; };
		3FCEF67E25ED5282004F123F /* LocationManager.swift */ = {isa = PBXFileReference; lastKnownFileType = sourcecode.swift; path = LocationManager.swift; sourceTree = "<group>"; };
/* End PBXFileReference section */

/* Begin PBXFrameworksBuildPhase section */
		3FCEF64A25ED4C89004F123F /* Frameworks */ = {
			isa = PBXFrameworksBuildPhase;
			buildActionMask = 2147483647;
			files = (
			);
			runOnlyForDeploymentPostprocessing = 0;
		};
		3FCEF65B25ED4C90004F123F /* Frameworks */ = {
			isa = PBXFrameworksBuildPhase;
			buildActionMask = 2147483647;
			files = (
			);
			runOnlyForDeploymentPostprocessing = 0;
		};
		3FCEF66625ED4C90004F123F /* Frameworks */ = {
			isa = PBXFrameworksBuildPhase;
			buildActionMask = 2147483647;
			files = (
			);
			runOnlyForDeploymentPostprocessing = 0;
		};
/* End PBXFrameworksBuildPhase section */

/* Begin PBXGroup section */
		3FCEF64425ED4C89004F123F = {
			isa = PBXGroup;
			children = (
				3FCEF64F25ED4C89004F123F /* Map Hackwich */,
				3FCEF66125ED4C90004F123F /* Map HackwichTests */,
				3FCEF66C25ED4C90004F123F /* Map HackwichUITests */,
				3FCEF64E25ED4C89004F123F /* Products */,
			);
			sourceTree = "<group>";
		};
		3FCEF64E25ED4C89004F123F /* Products */ = {
			isa = PBXGroup;
			children = (
				3FCEF64D25ED4C89004F123F /* Map Hackwich.app */,
				3FCEF65E25ED4C90004F123F /* Map HackwichTests.xctest */,
				3FCEF66925ED4C90004F123F /* Map HackwichUITests.xctest */,
			);
			name = Products;
			sourceTree = "<group>";
		};
		3FCEF64F25ED4C89004F123F /* Map Hackwich */ = {
			isa = PBXGroup;
			children = (
				3FCEF65025ED4C89004F123F /* Map_HackwichApp.swift */,
				3FCEF65225ED4C89004F123F /* ContentView.swift */,
				3FCEF67E25ED5282004F123F /* LocationManager.swift */,
				3FCEF65425ED4C8F004F123F /* Assets.xcassets */,
				3FCEF65925ED4C8F004F123F /* Info.plist */,
				3FCEF65625ED4C8F004F123F /* Preview Content */,
			);
			path = "Map Hackwich";
			sourceTree = "<group>";
		};
		3FCEF65625ED4C8F004F123F /* Preview Content */ = {
			isa = PBXGroup;
			children = (
				3FCEF65725ED4C8F004F123F /* Preview Assets.xcassets */,
			);
			path = "Preview Content";
			sourceTree = "<group>";
		};
		3FCEF66125ED4C90004F123F /* Map HackwichTests */ = {
			isa = PBXGroup;
			children = (
				3FCEF66225ED4C90004F123F /* Map_HackwichTests.swift */,
				3FCEF66425ED4C90004F123F /* Info.plist */,
			);
			path = "Map HackwichTests";
			sourceTree = "<group>";
		};
		3FCEF66C25ED4C90004F123F /* Map HackwichUITests */ = {
			isa = PBXGroup;
			children = (
				3FCEF66D25ED4C90004F123F /* Map_HackwichUITests.swift */,
				3FCEF66F25ED4C90004F123F /* Info.plist */,
			);
			path = "Map HackwichUITests";
			sourceTree = "<group>";
		};
/* End PBXGroup section */

/* Begin PBXNativeTarget section */
		3FCEF64C25ED4C89004F123F /* Map Hackwich */ = {
			isa = PBXNativeTarget;
			buildConfigurationList = 3FCEF67225ED4C90004F123F /* Build configuration list for PBXNativeTarget "Map Hackwich" */;
			buildPhases = (
				3FCEF64925ED4C89004F123F /* Sources */,
				3FCEF64A25ED4C89004F123F /* Frameworks */,
				3FCEF64B25ED4C89004F123F /* Resources */,
			);
			buildRules = (
			);
			dependencies = (
			);
			name = "Map Hackwich";
			productName = "Map Hackwich";
			productReference = 3FCEF64D25ED4C89004F123F /* Map Hackwich.app */;
			productType = "com.apple.product-type.application";
		};
		3FCEF65D25ED4C90004F123F /* Map HackwichTests */ = {
			isa = PBXNativeTarget;
			buildConfigurationList = 3FCEF67525ED4C90004F123F /* Build configuration list for PBXNativeTarget "Map HackwichTests" */;
			buildPhases = (
				3FCEF65A25ED4C90004F123F /* Sources */,
				3FCEF65B25ED4C90004F123F /* Frameworks */,
				3FCEF65C25ED4C90004F123F /* Resources */,
			);
			buildRules = (
			);
			dependencies = (
				3FCEF66025ED4C90004F123F /* PBXTargetDependency */,
			);
			name = "Map HackwichTests";
			productName = "Map HackwichTests";
			productReference = 3FCEF65E25ED4C90004F123F /* Map HackwichTests.xctest */;
			productType = "com.apple.product-type.bundle.unit-test";
		};
		3FCEF66825ED4C90004F123F /* Map HackwichUITests */ = {
			isa = PBXNativeTarget;
			buildConfigurationList = 3FCEF67825ED4C90004F123F /* Build configuration list for PBXNativeTarget "Map HackwichUITests" */;
			buildPhases = (
				3FCEF66525ED4C90004F123F /* Sources */,
				3FCEF66625ED4C90004F123F /* Frameworks */,
				3FCEF66725ED4C90004F123F /* Resources */,
			);
			buildRules = (
			);
			dependencies = (
				3FCEF66B25ED4C90004F123F /* PBXTargetDependency */,
			);
			name = "Map HackwichUITests";
			productName = "Map HackwichUITests";
			productReference = 3FCEF66925ED4C90004F123F /* Map HackwichUITests.xctest */;
			productType = "com.apple.product-type.bundle.ui-testing";
		};
/* End PBXNativeTarget section */

/* Begin PBXProject section */
		3FCEF64525ED4C89004F123F /* Project object */ = {
			isa = PBXProject;
			attributes = {
				LastSwiftUpdateCheck = 1230;
				LastUpgradeCheck = 1230;
				TargetAttributes = {
					3FCEF64C25ED4C89004F123F = {
						CreatedOnToolsVersion = 12.3;
					};
					3FCEF65D25ED4C90004F123F = {
						CreatedOnToolsVersion = 12.3;
						TestTargetID = 3FCEF64C25ED4C89004F123F;
					};
					3FCEF66825ED4C90004F123F = {
						CreatedOnToolsVersion = 12.3;
						TestTargetID = 3FCEF64C25ED4C89004F123F;
					};
				};
			};
			buildConfigurationList = 3FCEF64825ED4C89004F123F /* Build configuration list for PBXProject "Map Hackwich" */;
			compatibilityVersion = "Xcode 9.3";
			developmentRegion = en;
			hasScannedForEncodings = 0;
			knownRegions = (
				en,
				Base,
			);
			mainGroup = 3FCEF64425ED4C89004F123F;
			productRefGroup = 3FCEF64E25ED4C89004F123F /* Products */;
			projectDirPath = "";
			projectRoot = "";
			targets = (
				3FCEF64C25ED4C89004F123F /* Map Hackwich */,
				3FCEF65D25ED4C90004F123F /* Map HackwichTests */,
				3FCEF66825ED4C90004F123F /* Map HackwichUITests */,
			);
		};
/* End PBXProject section */

/* Begin PBXResourcesBuildPhase section */
		3FCEF64B25ED4C89004F123F /* Resources */ = {
			isa = PBXResourcesBuildPhase;
			buildActionMask = 2147483647;
			files = (
				3FCEF65825ED4C8F004F123F /* Preview Assets.xcassets in Resources */,
				3FCEF65525ED4C8F004F123F /* Assets.xcassets in Resources */,
			);
			runOnlyForDeploymentPostprocessing = 0;
		};
		3FCEF65C25ED4C90004F123F /* Resources */ = {
			isa = PBXResourcesBuildPhase;
			buildActionMask = 2147483647;
			files = (
			);
			runOnlyForDeploymentPostprocessing = 0;
		};
		3FCEF66725ED4C90004F123F /* Resources */ = {
			isa = PBXResourcesBuildPhase;
			buildActionMask = 2147483647;
			files = (
			);
			runOnlyForDeploymentPostprocessing = 0;
		};
/* End PBXResourcesBuildPhase section */

/* Begin PBXSourcesBuildPhase section */
		3FCEF64925ED4C89004F123F /* Sources */ = {
			isa = PBXSourcesBuildPhase;
			buildActionMask = 2147483647;
			files = (
				3FCEF65325ED4C89004F123F /* ContentView.swift in Sources */,
				3FCEF65125ED4C89004F123F /* Map_HackwichApp.swift in Sources */,
				3FCEF67F25ED5282004F123F /* LocationManager.swift in Sources */,
			);
			runOnlyForDeploymentPostprocessing = 0;
		};
		3FCEF65A25ED4C90004F123F /* Sources */ = {
			isa = PBXSourcesBuildPhase;
			buildActionMask = 2147483647;
			files = (
				3FCEF66325ED4C90004F123F /* Map_HackwichTests.swift in Sources */,
			);
			runOnlyForDeploymentPostprocessing = 0;
		};
		3FCEF66525ED4C90004F123F /* Sources */ = {
			isa = PBXSourcesBuildPhase;
			buildActionMask = 2147483647;
			files = (
				3FCEF66E25ED4C90004F123F /* Map_HackwichUITests.swift in Sources */,
			);
			runOnlyForDeploymentPostprocessing = 0;
		};
/* End PBXSourcesBuildPhase section */

/* Begin PBXTargetDependency section */
		3FCEF66025ED4C90004F123F /* PBXTargetDependency */ = {
			isa = PBXTargetDependency;
			target = 3FCEF64C25ED4C89004F123F /* Map Hackwich */;
			targetProxy = 3FCEF65F25ED4C90004F123F /* PBXContainerItemProxy */;
		};
		3FCEF66B25ED4C90004F123F /* PBXTargetDependency */ = {
			isa = PBXTargetDependency;
			target = 3FCEF64C25ED4C89004F123F /* Map Hackwich */;
			targetProxy = 3FCEF66A25ED4C90004F123F /* PBXContainerItemProxy */;
		};
/* End PBXTargetDependency section */

/* Begin XCBuildConfiguration section */
		3FCEF67025ED4C90004F123F /* Debug */ = {
			isa = XCBuildConfiguration;
			buildSettings = {
				ALWAYS_SEARCH_USER_PATHS = NO;
				CLANG_ANALYZER_NONNULL = YES;
				CLANG_ANALYZER_NUMBER_OBJECT_CONVERSION = YES_AGGRESSIVE;
				CLANG_CXX_LANGUAGE_STANDARD = "gnu++14";
				CLANG_CXX_LIBRARY = "libc++";
				CLANG_ENABLE_MODULES = YES;
				CLANG_ENABLE_OBJC_ARC = YES;
				CLANG_ENABLE_OBJC_WEAK = YES;
				CLANG_WARN_BLOCK_CAPTURE_AUTORELEASING = YES;
				CLANG_WARN_BOOL_CONVERSION = YES;
				CLANG_WARN_COMMA = YES;
				CLANG_WARN_CONSTANT_CONVERSION = YES;
				CLANG_WARN_DEPRECATED_OBJC_IMPLEMENTATIONS = YES;
				CLANG_WARN_DIRECT_OBJC_ISA_USAGE = YES_ERROR;
				CLANG_WARN_DOCUMENTATION_COMMENTS = YES;
				CLANG_WARN_EMPTY_BODY = YES;
				CLANG_WARN_ENUM_CONVERSION = YES;
				CLANG_WARN_INFINITE_RECURSION = YES;
				CLANG_WARN_INT_CONVERSION = YES;
				CLANG_WARN_NON_LITERAL_NULL_CONVERSION = YES;
				CLANG_WARN_OBJC_IMPLICIT_RETAIN_SELF = YES;
				CLANG_WARN_OBJC_LITERAL_CONVERSION = YES;
				CLANG_WARN_OBJC_ROOT_CLASS = YES_ERROR;
				CLANG_WARN_QUOTED_INCLUDE_IN_FRAMEWORK_HEADER = YES;
				CLANG_WARN_RANGE_LOOP_ANALYSIS = YES;
				CLANG_WARN_STRICT_PROTOTYPES = YES;
				CLANG_WARN_SUSPICIOUS_MOVE = YES;
				CLANG_WARN_UNGUARDED_AVAILABILITY = YES_AGGRESSIVE;
				CLANG_WARN_UNREACHABLE_CODE = YES;
				CLANG_WARN__DUPLICATE_METHOD_MATCH = YES;
				COPY_PHASE_STRIP = NO;
				DEBUG_INFORMATION_FORMAT = dwarf;
				ENABLE_STRICT_OBJC_MSGSEND = YES;
				ENABLE_TESTABILITY = YES;
				GCC_C_LANGUAGE_STANDARD = gnu11;
				GCC_DYNAMIC_NO_PIC = NO;
				GCC_NO_COMMON_BLOCKS = YES;
				GCC_OPTIMIZATION_LEVEL = 0;
				GCC_PREPROCESSOR_DEFINITIONS = (
					"DEBUG=1",
					"$(inherited)",
				);
				GCC_WARN_64_TO_32_BIT_CONVERSION = YES;
				GCC_WARN_ABOUT_RETURN_TYPE = YES_ERROR;
				GCC_WARN_UNDECLARED_SELECTOR = YES;
				GCC_WARN_UNINITIALIZED_AUTOS = YES_AGGRESSIVE;
				GCC_WARN_UNUSED_FUNCTION = YES;
				GCC_WARN_UNUSED_VARIABLE = YES;
				IPHONEOS_DEPLOYMENT_TARGET = 14.3;
				MTL_ENABLE_DEBUG_INFO = INCLUDE_SOURCE;
				MTL_FAST_MATH = YES;
				ONLY_ACTIVE_ARCH = YES;
				SDKROOT = iphoneos;
				SWIFT_ACTIVE_COMPILATION_CONDITIONS = DEBUG;
				SWIFT_OPTIMIZATION_LEVEL = "-Onone";
			};
			name = Debug;
		};
		3FCEF67125ED4C90004F123F /* Release */ = {
			isa = XCBuildConfiguration;
			buildSettings = {
				ALWAYS_SEARCH_USER_PATHS = NO;
				CLANG_ANALYZER_NONNULL = YES;
				CLANG_ANALYZER_NUMBER_OBJECT_CONVERSION = YES_AGGRESSIVE;
				CLANG_CXX_LANGUAGE_STANDARD = "gnu++14";
				CLANG_CXX_LIBRARY = "libc++";
				CLANG_ENABLE_MODULES = YES;
				CLANG_ENABLE_OBJC_ARC = YES;
				CLANG_ENABLE_OBJC_WEAK = YES;
				CLANG_WARN_BLOCK_CAPTURE_AUTORELEASING = YES;
				CLANG_WARN_BOOL_CONVERSION = YES;
				CLANG_WARN_COMMA = YES;
				CLANG_WARN_CONSTANT_CONVERSION = YES;
				CLANG_WARN_DEPRECATED_OBJC_IMPLEMENTATIONS = YES;
				CLANG_WARN_DIRECT_OBJC_ISA_USAGE = YES_ERROR;
				CLANG_WARN_DOCUMENTATION_COMMENTS = YES;
				CLANG_WARN_EMPTY_BODY = YES;
				CLANG_WARN_ENUM_CONVERSION = YES;
				CLANG_WARN_INFINITE_RECURSION = YES;
				CLANG_WARN_INT_CONVERSION = YES;
				CLANG_WARN_NON_LITERAL_NULL_CONVERSION = YES;
				CLANG_WARN_OBJC_IMPLICIT_RETAIN_SELF = YES;
				CLANG_WARN_OBJC_LITERAL_CONVERSION = YES;
				CLANG_WARN_OBJC_ROOT_CLASS = YES_ERROR;
				CLANG_WARN_QUOTED_INCLUDE_IN_FRAMEWORK_HEADER = YES;
				CLANG_WARN_RANGE_LOOP_ANALYSIS = YES;
				CLANG_WARN_STRICT_PROTOTYPES = YES;
				CLANG_WARN_SUSPICIOUS_MOVE = YES;
				CLANG_WARN_UNGUARDED_AVAILABILITY = YES_AGGRESSIVE;
				CLANG_WARN_UNREACHABLE_CODE = YES;
				CLANG_WARN__DUPLICATE_METHOD_MATCH = YES;
				COPY_PHASE_STRIP = NO;
				DEBUG_INFORMATION_FORMAT = "dwarf-with-dsym";
				ENABLE_NS_ASSERTIONS = NO;
				ENABLE_STRICT_OBJC_MSGSEND = YES;
				GCC_C_LANGUAGE_STANDARD = gnu11;
				GCC_NO_COMMON_BLOCKS = YES;
				GCC_WARN_64_TO_32_BIT_CONVERSION = YES;
				GCC_WARN_ABOUT_RETURN_TYPE = YES_ERROR;
				GCC_WARN_UNDECLARED_SELECTOR = YES;
				GCC_WARN_UNINITIALIZED_AUTOS = YES_AGGRESSIVE;
				GCC_WARN_UNUSED_FUNCTION = YES;
				GCC_WARN_UNUSED_VARIABLE = YES;
				IPHONEOS_DEPLOYMENT_TARGET = 14.3;
				MTL_ENABLE_DEBUG_INFO = NO;
				MTL_FAST_MATH = YES;
				SDKROOT = iphoneos;
				SWIFT_COMPILATION_MODE = wholemodule;
				SWIFT_OPTIMIZATION_LEVEL = "-O";
				VALIDATE_PRODUCT = YES;
			};
			name = Release;
		};
		3FCEF67325ED4C90004F123F /* Debug */ = {
			isa = XCBuildConfiguration;
			buildSettings = {
				ASSETCATALOG_COMPILER_APPICON_NAME = AppIcon;
				ASSETCATALOG_COMPILER_GLOBAL_ACCENT_COLOR_NAME = AccentColor;
				CODE_SIGN_STYLE = Automatic;
				DEVELOPMENT_ASSET_PATHS = "\"Map Hackwich/Preview Content\"";
				DEVELOPMENT_TEAM = ZYV9QLBU33;
				ENABLE_PREVIEWS = YES;
				INFOPLIST_FILE = "Map Hackwich/Info.plist";
				IPHONEOS_DEPLOYMENT_TARGET = 14.0;
				LD_RUNPATH_SEARCH_PATHS = (
					"$(inherited)",
					"@executable_path/Frameworks",
				);
				PRODUCT_BUNDLE_IDENTIFIER = "SIM.Map-Hackwich";
				PRODUCT_NAME = "$(TARGET_NAME)";
				SWIFT_VERSION = 5.0;
				TARGETED_DEVICE_FAMILY = "1,2";
			};
			name = Debug;
		};
		3FCEF67425ED4C90004F123F /* Release */ = {
			isa = XCBuildConfiguration;
			buildSettings = {
				ASSETCATALOG_COMPILER_APPICON_NAME = AppIcon;
				ASSETCATALOG_COMPILER_GLOBAL_ACCENT_COLOR_NAME = AccentColor;
				CODE_SIGN_STYLE = Automatic;
				DEVELOPMENT_ASSET_PATHS = "\"Map Hackwich/Preview Content\"";
				DEVELOPMENT_TEAM = ZYV9QLBU33;
				ENABLE_PREVIEWS = YES;
				INFOPLIST_FILE = "Map Hackwich/Info.plist";
				IPHONEOS_DEPLOYMENT_TARGET = 14.0;
				LD_RUNPATH_SEARCH_PATHS = (
					"$(inherited)",
					"@executable_path/Frameworks",
				);
				PRODUCT_BUNDLE_IDENTIFIER = "SIM.Map-Hackwich";
				PRODUCT_NAME = "$(TARGET_NAME)";
				SWIFT_VERSION = 5.0;
				TARGETED_DEVICE_FAMILY = "1,2";
			};
			name = Release;
		};
		3FCEF67625ED4C90004F123F /* Debug */ = {
			isa = XCBuildConfiguration;
			buildSettings = {
				ALWAYS_EMBED_SWIFT_STANDARD_LIBRARIES = YES;
				BUNDLE_LOADER = "$(TEST_HOST)";
				CODE_SIGN_STYLE = Automatic;
				DEVELOPMENT_TEAM = ZYV9QLBU33;
				INFOPLIST_FILE = "Map HackwichTests/Info.plist";
				IPHONEOS_DEPLOYMENT_TARGET = 14.0;
				LD_RUNPATH_SEARCH_PATHS = (
					"$(inherited)",
					"@executable_path/Frameworks",
					"@loader_path/Frameworks",
				);
				PRODUCT_BUNDLE_IDENTIFIER = "SIM.Map-HackwichTests";
				PRODUCT_NAME = "$(TARGET_NAME)";
				SWIFT_VERSION = 5.0;
				TARGETED_DEVICE_FAMILY = "1,2";
				TEST_HOST = "$(BUILT_PRODUCTS_DIR)/Map Hackwich.app/Map Hackwich";
			};
			name = Debug;
		};
		3FCEF67725ED4C90004F123F /* Release */ = {
			isa = XCBuildConfiguration;
			buildSettings = {
				ALWAYS_EMBED_SWIFT_STANDARD_LIBRARIES = YES;
				BUNDLE_LOADER = "$(TEST_HOST)";
				CODE_SIGN_STYLE = Automatic;
				DEVELOPMENT_TEAM = ZYV9QLBU33;
				INFOPLIST_FILE = "Map HackwichTests/Info.plist";
				IPHONEOS_DEPLOYMENT_TARGET = 14.0;
				LD_RUNPATH_SEARCH_PATHS = (
					"$(inherited)",
					"@executable_path/Frameworks",
					"@loader_path/Frameworks",
				);
				PRODUCT_BUNDLE_IDENTIFIER = "SIM.Map-HackwichTests";
				PRODUCT_NAME = "$(TARGET_NAME)";
				SWIFT_VERSION = 5.0;
				TARGETED_DEVICE_FAMILY = "1,2";
				TEST_HOST = "$(BUILT_PRODUCTS_DIR)/Map Hackwich.app/Map Hackwich";
			};
			name = Release;
		};
		3FCEF67925ED4C90004F123F /* Debug */ = {
			isa = XCBuildConfiguration;
			buildSettings = {
				ALWAYS_EMBED_SWIFT_STANDARD_LIBRARIES = YES;
				CODE_SIGN_STYLE = Automatic;
				DEVELOPMENT_TEAM = ZYV9QLBU33;
				INFOPLIST_FILE = "Map HackwichUITests/Info.plist";
				LD_RUNPATH_SEARCH_PATHS = (
					"$(inherited)",
					"@executable_path/Frameworks",
					"@loader_path/Frameworks",
				);
				PRODUCT_BUNDLE_IDENTIFIER = "SIM.Map-HackwichUITests";
				PRODUCT_NAME = "$(TARGET_NAME)";
				SWIFT_VERSION = 5.0;
				TARGETED_DEVICE_FAMILY = "1,2";
				TEST_TARGET_NAME = "Map Hackwich";
			};
			name = Debug;
		};
		3FCEF67A25ED4C90004F123F /* Release */ = {
			isa = XCBuildConfiguration;
			buildSettings = {
				ALWAYS_EMBED_SWIFT_STANDARD_LIBRARIES = YES;
				CODE_SIGN_STYLE = Automatic;
				DEVELOPMENT_TEAM = ZYV9QLBU33;
				INFOPLIST_FILE = "Map HackwichUITests/Info.plist";
				LD_RUNPATH_SEARCH_PATHS = (
					"$(inherited)",
					"@executable_path/Frameworks",
					"@loader_path/Frameworks",
				);
				PRODUCT_BUNDLE_IDENTIFIER = "SIM.Map-HackwichUITests";
				PRODUCT_NAME = "$(TARGET_NAME)";
				SWIFT_VERSION = 5.0;
				TARGETED_DEVICE_FAMILY = "1,2";
				TEST_TARGET_NAME = "Map Hackwich";
			};
			name = Release;
		};
/* End XCBuildConfiguration section */

/* Begin XCConfigurationList section */
		3FCEF64825ED4C89004F123F /* Build configuration list for PBXProject "Map Hackwich" */ = {
			isa = XCConfigurationList;
			buildConfigurations = (
				3FCEF67025ED4C90004F123F /* Debug */,
				3FCEF67125ED4C90004F123F /* Release */,
			);
			defaultConfigurationIsVisible = 0;
			defaultConfigurationName = Release;
		};
		3FCEF67225ED4C90004F123F /* Build configuration list for PBXNativeTarget "Map Hackwich" */ = {
			isa = XCConfigurationList;
			buildConfigurations = (
				3FCEF67325ED4C90004F123F /* Debug */,
				3FCEF67425ED4C90004F123F /* Release */,
			);
			defaultConfigurationIsVisible = 0;
			defaultConfigurationName = Release;
		};
		3FCEF67525ED4C90004F123F /* Build configuration list for PBXNativeTarget "Map HackwichTests" */ = {
			isa = XCConfigurationList;
			buildConfigurations = (
				3FCEF67625ED4C90004F123F /* Debug */,
				3FCEF67725ED4C90004F123F /* Release */,
			);
			defaultConfigurationIsVisible = 0;
			defaultConfigurationName = Release;
		};
		3FCEF67825ED4C90004F123F /* Build configuration list for PBXNativeTarget "Map HackwichUITests" */ = {
			isa = XCConfigurationList;
			buildConfigurations = (
				3FCEF67925ED4C90004F123F /* Debug */,
				3FCEF67A25ED4C90004F123F /* Release */,
			);
			defaultConfigurationIsVisible = 0;
			defaultConfigurationName = Release;
		};
/* End XCConfigurationList section */
	};
	rootObject = 3FCEF64525ED4C89004F123F /* Project object */;
}
